<?xml version="1.0" encoding="utf-8"?>
<Project ToolsVersion="4.0" xmlns="http://schemas.microsoft.com/developer/msbuild/2003">
  <ItemGroup>
    <ClCompile Include="Functions.cpp" />
    <ClCompile Include="Main.cpp" />
    <ClCompile Include="..\..\..\Vendor\Squirrel\sqapi.cpp">
      <Filter>Shared\Squirrel</Filter>
    </ClCompile>
    <ClCompile Include="..\..\..\Vendor\Squirrel\sqtable.cpp">
      <Filter>Shared\Squirrel</Filter>
    </ClCompile>
    <ClCompile Include="..\..\..\Vendor\Squirrel\sqbaselib.cpp">
      <Filter>Shared\Squirrel</Filter>
    </ClCompile>
    <ClCompile Include="..\..\..\Vendor\Squirrel\sqclass.cpp">
      <Filter>Shared\Squirrel</Filter>
    </ClCompile>
    <ClCompile Include="..\..\..\Vendor\Squirrel\sqcompiler.cpp">
      <Filter>Shared\Squirrel</Filter>
    </ClCompile>
    <ClCompile Include="..\..\..\Vendor\Squirrel\sqdebug.cpp">
      <Filter>Shared\Squirrel</Filter>
    </ClCompile>
    <ClCompile Include="..\..\..\Vendor\Squirrel\sqfuncstate.cpp">
      <Filter>Shared\Squirrel</Filter>
    </ClCompile>
    <ClCompile Include="..\..\..\Vendor\Squirrel\sqlexer.cpp">
      <Filter>Shared\Squirrel</Filter>
    </ClCompile>
    <ClCompile Include="..\..\..\Vendor\Squirrel\sqmem.cpp">
      <Filter>Shared\Squirrel</Filter>
    </ClCompile>
    <ClCompile Include="..\..\..\Vendor\Squirrel\sqobject.cpp">
      <Filter>Shared\Squirrel</Filter>
    </ClCompile>
    <ClCompile Include="..\..\..\Vendor\Squirrel\sqstate.cpp">
      <Filter>Shared\Squirrel</Filter>
    </ClCompile>
    <ClCompile Include="..\..\..\Vendor\Squirrel\sqstdaux.cpp">
      <Filter>Shared\Squirrel</Filter>
    </ClCompile>
    <ClCompile Include="..\..\..\Vendor\Squirrel\sqstdblob.cpp">
      <Filter>Shared\Squirrel</Filter>
    </ClCompile>
    <ClCompile Include="..\..\..\Vendor\Squirrel\sqstdmath.cpp">
      <Filter>Shared\Squirrel</Filter>
    </ClCompile>
    <ClCompile Include="..\..\..\Vendor\Squirrel\sqstdrex.cpp">
      <Filter>Shared\Squirrel</Filter>
    </ClCompile>
    <ClCompile Include="..\..\..\Vendor\Squirrel\sqstdstream.cpp">
      <Filter>Shared\Squirrel</Filter>
    </ClCompile>
    <ClCompile Include="..\..\..\Vendor\Squirrel\sqstdstring.cpp">
      <Filter>Shared\Squirrel</Filter>
    </ClCompile>
    <ClCompile Include="..\..\..\Vendor\Squirrel\sqvm.cpp">
      <Filter>Shared\Squirrel</Filter>
    </ClCompile>
    <ClCompile Include="..\..\..\Shared\Game\CControlState.cpp">
      <Filter>Shared</Filter>
    </ClCompile>
    <ClCompile Include="..\..\..\Shared\CString.cpp">
      <Filter>Shared</Filter>
    </ClCompile>
    <ClCompile Include="SDK\SDK.cpp">
      <Filter>SDK</Filter>
    </ClCompile>
    <ClCompile Include="..\..\..\Shared\Network\CBitStream.cpp">
      <Filter>Shared</Filter>
    </ClCompile>
  </ItemGroup>
  <ItemGroup>
    <ClInclude Include="Functions.h" />
    <ClInclude Include="SDK\SDK.h">
      <Filter>SDK</Filter>
    </ClInclude>
    <ClInclude Include="..\..\..\Shared\Common.h">
      <Filter>Shared</Filter>
    </ClInclude>
    <ClInclude Include="..\..\..\Shared\Game\CControlState.h">
      <Filter>Shared</Filter>
    </ClInclude>
    <ClInclude Include="..\..\..\Shared\Network\CBitStream.h">
      <Filter>Shared</Filter>
    </ClInclude>
  </ItemGroup>
  <ItemGroup>
    <Filter Include="SDK">
      <UniqueIdentifier>{72a3d667-acbc-4a77-bafb-d757b99fbea7}</UniqueIdentifier>
    </Filter>
    <Filter Include="Shared">
      <UniqueIdentifier>{34edf1db-a144-4f46-a208-7f205669ee47}</UniqueIdentifier>
    </Filter>
    <Filter Include="Shared\Squirrel">
      <UniqueIdentifier>{946ee1a2-c21d-4fb1-96d0-6243fe49f5d5}</UniqueIdentifier>
    </Filter>
  </ItemGroup>
</Project>