<?xml version="1.0" encoding="utf-8"?>
<Project ToolsVersion="4.0" xmlns="http://schemas.microsoft.com/developer/msbuild/2003">
  <ItemGroup>
    <Filter Include="Shared">
      <UniqueIdentifier>{ffab9bcf-91e0-45ce-ac33-1201174b7b55}</UniqueIdentifier>
    </Filter>
  </ItemGroup>
  <ItemGroup>
    <ClCompile Include="..\..\..\Shared\CLibrary.cpp">
      <Filter>Shared</Filter>
    </ClCompile>
    <ClCompile Include="..\..\..\Shared\CString.cpp">
      <Filter>Shared</Filter>
    </ClCompile>
    <ClCompile Include="..\..\..\Shared\VFS\CVFSModule.cpp">
      <Filter>Shared</Filter>
    </ClCompile>
    <ClCompile Include="..\..\..\Shared\SharedUtility.cpp">
      <Filter>Shared</Filter>
    </ClCompile>
    <ClCompile Include="Main.cpp" />
  </ItemGroup>
  <ItemGroup>
    <ClInclude Include="..\..\Shared\vfs\CVFSInterface.h">
      <Filter>Shared</Filter>
    </ClInclude>
    <ClInclude Include="..\..\Shared\vfs\CVFSInterface_Common.h">
      <Filter>Shared</Filter>
    </ClInclude>
    <ClInclude Include="..\..\Shared\vfs\CVFSModule.h">
      <Filter>Shared</Filter>
    </ClInclude>
    <ClInclude Include="..\..\Shared\vfs\CVFSModule_Functions.h">
      <Filter>Shared</Filter>
    </ClInclude>
  </ItemGroup>
</Project>