<?xml version="1.0" encoding="utf-8"?>
<Project ToolsVersion="4.0" xmlns="http://schemas.microsoft.com/developer/msbuild/2003">
  <ItemGroup>
    <Filter Include="Source Files">
      <UniqueIdentifier>{4FC737F1-C7A5-4376-A066-2A32D752A2FF}</UniqueIdentifier>
      <Extensions>cpp;c;cc;cxx;def;odl;idl;hpj;bat;asm;asmx</Extensions>
    </Filter>
    <Filter Include="Header Files">
      <UniqueIdentifier>{93995380-89BD-4b04-88EB-625FBE52EBFB}</UniqueIdentifier>
      <Extensions>h;hpp;hxx;hm;inl;inc;xsd</Extensions>
    </Filter>
    <Filter Include="Resource Files">
      <UniqueIdentifier>{67DA6AB6-F800-4c08-8B7A-83BB121AAD01}</UniqueIdentifier>
      <Extensions>rc;ico;cur;bmp;dlg;rc2;rct;bin;rgs;gif;jpg;jpeg;jpe;resx;tiff;tif;png;wav;mfcribbon-ms</Extensions>
    </Filter>
    <Filter Include="Source Files\Shared">
      <UniqueIdentifier>{2a8a0496-4ee9-4034-8439-d6d5fca2f3bf}</UniqueIdentifier>
    </Filter>
    <Filter Include="Source Files\Shared\Threading">
      <UniqueIdentifier>{8b8cbf31-caaa-43cc-8c6f-8bbca1ce58b3}</UniqueIdentifier>
    </Filter>
    <Filter Include="Header Files\Shared">
      <UniqueIdentifier>{ef0d155c-fdc2-460c-990e-68f89789270d}</UniqueIdentifier>
    </Filter>
    <Filter Include="Header Files\Shared\Threading">
      <UniqueIdentifier>{09f4790e-96b3-417e-a029-0d220e742026}</UniqueIdentifier>
    </Filter>
  </ItemGroup>
  <ItemGroup>
    <ClCompile Include="Main.cpp">
      <Filter>Source Files</Filter>
    </ClCompile>
    <ClCompile Include="..\..\Shared\Threading\CMutex.cpp">
      <Filter>Source Files\Shared\Threading</Filter>
    </ClCompile>
    <ClCompile Include="..\..\Shared\Threading\CThread.cpp">
      <Filter>Source Files\Shared\Threading</Filter>
    </ClCompile>
    <ClCompile Include="StdInc.cpp">
      <Filter>Source Files</Filter>
    </ClCompile>
    <ClCompile Include="..\..\Shared\CLibrary.cpp">
      <Filter>Source Files\Shared</Filter>
    </ClCompile>
    <ClCompile Include="..\..\Shared\CString.cpp">
      <Filter>Source Files\Shared</Filter>
    </ClCompile>
    <ClCompile Include="..\..\Shared\SharedUtility.cpp">
      <Filter>Source Files\Shared</Filter>
    </ClCompile>
  </ItemGroup>
  <ItemGroup>
    <ClInclude Include="..\..\Shared\Threading\CMutex.h">
      <Filter>Header Files\Shared\Threading</Filter>
    </ClInclude>
    <ClInclude Include="..\..\Shared\Threading\CThread.h">
      <Filter>Header Files\Shared\Threading</Filter>
    </ClInclude>
    <ClInclude Include="..\..\Shared\Server\CServerInterface.h">
      <Filter>Header Files\Shared</Filter>
    </ClInclude>
    <ClInclude Include="StdInc.h">
      <Filter>Header Files</Filter>
    </ClInclude>
    <ClInclude Include="..\..\Shared\CLibrary.h">
      <Filter>Header Files\Shared</Filter>
    </ClInclude>
    <ClInclude Include="..\..\Shared\CString.h">
      <Filter>Header Files\Shared</Filter>
    </ClInclude>
    <ClInclude Include="..\..\Shared\SharedUtility.h">
      <Filter>Header Files\Shared</Filter>
    </ClInclude>
  </ItemGroup>
  <ItemGroup>
    <ResourceCompile Include="Server.Launcher.rc">
      <Filter>Resource Files</Filter>
    </ResourceCompile>
  </ItemGroup>
  <ItemGroup>
    <None Include="..\..\Logo\icon1.ico">
      <Filter>Resource Files</Filter>
    </None>
  </ItemGroup>
</Project>