
Microsoft Visual Studio Solution File, Format Version 11.00
# Visual Studio 2010
Project("{2150E333-8FDC-42A3-9474-1A3956D46DE8}") = "CEGUI", "CEGUI", "{59CE1845-A701-4627-B467-7ADCC34E7E33}"
EndProject
Project("{2150E333-8FDC-42A3-9474-1A3956D46DE8}") = "Network", "Network", "{84B205AA-6DCE-40D6-9A83-4ACB90EF7CF8}"
EndProject
Project("{2150E333-8FDC-42A3-9474-1A3956D46DE8}") = "Client", "Client", "{370A758F-8949-42ED-9D9B-39FA11A8380D}"
EndProject
Project("{2150E333-8FDC-42A3-9474-1A3956D46DE8}") = "Server", "Server", "{4BD30019-9D14-4868-8649-9E6A8D90EDF6}"
EndProject
Project("{2150E333-8FDC-42A3-9474-1A3956D46DE8}") = "VFS", "VFS", "{6BD6112D-7B02-436B-BF51-A7372666E2EA}"
EndProject
Project("{2150E333-8FDC-42A3-9474-1A3956D46DE8}") = "Dependencies", "Dependencies", "{9543636E-FB82-42FA-A3BD-F84BF47D3E8E}"
EndProject
Project("{8BC9CEB8-8B4A-11D0-8D11-00A0C91BC942}") = "Network.Core", "Network\Core\Network.Core.vcxproj", "{AF4DE4BA-2C45-476F-BF44-BFE4C69B71FE}"
EndProject
Project("{8BC9CEB8-8B4A-11D0-8D11-00A0C91BC942}") = "expat_static", "Vendor\expat-2.0.1\expat_static.vcxproj", "{0757FC7D-A029-4C29-B806-9CC05DC384A1}"
EndProject
Project("{8BC9CEB8-8B4A-11D0-8D11-00A0C91BC942}") = "CEGUIBase", "Client\Core\CEGUI\projects\BaseSystem\CEGUIBase.vcxproj", "{E2161EDF-8018-7947-8675-A82F7551FF79}"
EndProject
Project("{8BC9CEB8-8B4A-11D0-8D11-00A0C91BC942}") = "CEGUISILLYImageCodec", "Client\Core\CEGUI\projects\ImageCodecModules\SILLYImageCodec\CEGUISILLYImageCodec.vcxproj", "{C17B5817-420A-CA4B-A002-DDA318AC0C15}"
EndProject
Project("{8BC9CEB8-8B4A-11D0-8D11-00A0C91BC942}") = "CEGUIDirect3D9Renderer", "Client\Core\CEGUI\projects\RendererModules\Direct3D9\CEGUIDirect3D9Renderer.vcxproj", "{4636D9C9-6C2C-454D-93E2-E67AC0C92946}"
EndProject
Project("{8BC9CEB8-8B4A-11D0-8D11-00A0C91BC942}") = "CEGUIFalagardWRBase", "Client\Core\CEGUI\projects\WindowRendererSets\Falagard\CEGUIFalagardWRBase.vcxproj", "{6AE6A6E4-B420-8A43-A9A0-85734C0A6823}"
EndProject
Project("{8BC9CEB8-8B4A-11D0-8D11-00A0C91BC942}") = "CEGUIExpatParser", "Client\Core\CEGUI\projects\XMLParserModules\expatParser\CEGUIExpatParser.vcxproj", "{4D2AFB70-0048-164B-909E-86AB43E40921}"
EndProject
Project("{8BC9CEB8-8B4A-11D0-8D11-00A0C91BC942}") = "libjpeg", "Vendor\jpeg-6b\projects\libjpeg.vcxproj", "{D0DA3016-67C0-4CD8-BAD1-2D122AC2D29D}"
EndProject
Project("{8BC9CEB8-8B4A-11D0-8D11-00A0C91BC942}") = "libpng", "Vendor\lpng142\projects\libpng.vcxproj", "{21DB5D0C-2F40-4D79-BE75-021E3D35B2F9}"
EndProject
Project("{8BC9CEB8-8B4A-11D0-8D11-00A0C91BC942}") = "zlib", "Vendor\zlib-1.2.5\projects\zlib.vcxproj", "{9006D124-5D00-4CB7-BAD9-F527B19502C9}"
EndProject
Project("{8BC9CEB8-8B4A-11D0-8D11-00A0C91BC942}") = "SILLY", "Vendor\SILLY-0.1.0\SILLY.vcxproj", "{38F8D6D1-8D5D-4543-9C7E-23AE0DE3A1E0}"
EndProject
Project("{8BC9CEB8-8B4A-11D0-8D11-00A0C91BC942}") = "Client.Core", "Client\Core\Client.Core.vcxproj", "{5DD209AC-1B5F-483A-BCA9-150CAD228C5A}"
EndProject
Project("{8BC9CEB8-8B4A-11D0-8D11-00A0C91BC942}") = "Client.Launcher", "Client\Launcher\Client.Launcher.vcxproj", "{7E4883E3-6BC8-4F4C-B189-5CAD30796186}"
EndProject
Project("{8BC9CEB8-8B4A-11D0-8D11-00A0C91BC942}") = "Client.LaunchHelper", "Client\LaunchHelper\Client.LaunchHelper.vcxproj", "{FDEC292B-DCC8-4D10-8A11-1700099BC31B}"
EndProject
Project("{8BC9CEB8-8B4A-11D0-8D11-00A0C91BC942}") = "Server.Core", "Server\Core\Server.Core.vcxproj", "{2174ABC9-4716-43A5-B415-AB8F421086AA}"
EndProject
Project("{8BC9CEB8-8B4A-11D0-8D11-00A0C91BC942}") = "fat-io", "Vendor\fat-io\fat-io.vcxproj", "{1C43699F-36E8-412E-A5F4-D0D4E61AD969}"
EndProject
Project("{8BC9CEB8-8B4A-11D0-8D11-00A0C91BC942}") = "Client.VFS", "Client\VFS\Client.VFS.vcxproj", "{C6C1E900-B84F-42E7-B228-71B5EB574E80}"
	ProjectSection(ProjectDependencies) = postProject
		{9006D124-5D00-4CB7-BAD9-F527B19502C9} = {9006D124-5D00-4CB7-BAD9-F527B19502C9}
	EndProjectSection
EndProject
Project("{8BC9CEB8-8B4A-11D0-8D11-00A0C91BC942}") = "Client.VFS.Utility", "Client\VFS\Util\VFSModule.Util.vcxproj", "{D1E9326A-0FCA-46B3-86D0-3D39C63340E1}"
	ProjectSection(ProjectDependencies) = postProject
		{9006D124-5D00-4CB7-BAD9-F527B19502C9} = {9006D124-5D00-4CB7-BAD9-F527B19502C9}
		{1C43699F-36E8-412E-A5F4-D0D4E61AD969} = {1C43699F-36E8-412E-A5F4-D0D4E61AD969}
	EndProjectSection
EndProject
Global
	GlobalSection(SolutionConfigurationPlatforms) = preSolution
		Debug|Win32 = Debug|Win32
		Release|Win32 = Release|Win32
	EndGlobalSection
	GlobalSection(ProjectConfigurationPlatforms) = postSolution
		{AF4DE4BA-2C45-476F-BF44-BFE4C69B71FE}.Debug|Win32.ActiveCfg = Debug|Win32
		{AF4DE4BA-2C45-476F-BF44-BFE4C69B71FE}.Debug|Win32.Build.0 = Debug|Win32
		{AF4DE4BA-2C45-476F-BF44-BFE4C69B71FE}.Release|Win32.ActiveCfg = Release|Win32
		{AF4DE4BA-2C45-476F-BF44-BFE4C69B71FE}.Release|Win32.Build.0 = Release|Win32
		{0757FC7D-A029-4C29-B806-9CC05DC384A1}.Debug|Win32.ActiveCfg = Debug|Win32
		{0757FC7D-A029-4C29-B806-9CC05DC384A1}.Debug|Win32.Build.0 = Debug|Win32
		{0757FC7D-A029-4C29-B806-9CC05DC384A1}.Release|Win32.ActiveCfg = Release|Win32
		{0757FC7D-A029-4C29-B806-9CC05DC384A1}.Release|Win32.Build.0 = Release|Win32
		{E2161EDF-8018-7947-8675-A82F7551FF79}.Debug|Win32.ActiveCfg = Debug|Win32
		{E2161EDF-8018-7947-8675-A82F7551FF79}.Debug|Win32.Build.0 = Debug|Win32
		{E2161EDF-8018-7947-8675-A82F7551FF79}.Release|Win32.ActiveCfg = Release|Win32
		{E2161EDF-8018-7947-8675-A82F7551FF79}.Release|Win32.Build.0 = Release|Win32
		{C17B5817-420A-CA4B-A002-DDA318AC0C15}.Debug|Win32.ActiveCfg = Debug|Win32
		{C17B5817-420A-CA4B-A002-DDA318AC0C15}.Debug|Win32.Build.0 = Debug|Win32
		{C17B5817-420A-CA4B-A002-DDA318AC0C15}.Release|Win32.ActiveCfg = Release|Win32
		{C17B5817-420A-CA4B-A002-DDA318AC0C15}.Release|Win32.Build.0 = Release|Win32
		{4636D9C9-6C2C-454D-93E2-E67AC0C92946}.Debug|Win32.ActiveCfg = Debug|Win32
		{4636D9C9-6C2C-454D-93E2-E67AC0C92946}.Debug|Win32.Build.0 = Debug|Win32
		{4636D9C9-6C2C-454D-93E2-E67AC0C92946}.Release|Win32.ActiveCfg = Release|Win32
		{4636D9C9-6C2C-454D-93E2-E67AC0C92946}.Release|Win32.Build.0 = Release|Win32
		{6AE6A6E4-B420-8A43-A9A0-85734C0A6823}.Debug|Win32.ActiveCfg = Debug|Win32
		{6AE6A6E4-B420-8A43-A9A0-85734C0A6823}.Debug|Win32.Build.0 = Debug|Win32
		{6AE6A6E4-B420-8A43-A9A0-85734C0A6823}.Release|Win32.ActiveCfg = Release|Win32
		{6AE6A6E4-B420-8A43-A9A0-85734C0A6823}.Release|Win32.Build.0 = Release|Win32
		{4D2AFB70-0048-164B-909E-86AB43E40921}.Debug|Win32.ActiveCfg = Debug|Win32
		{4D2AFB70-0048-164B-909E-86AB43E40921}.Debug|Win32.Build.0 = Debug|Win32
		{4D2AFB70-0048-164B-909E-86AB43E40921}.Release|Win32.ActiveCfg = Release|Win32
		{4D2AFB70-0048-164B-909E-86AB43E40921}.Release|Win32.Build.0 = Release|Win32
		{D0DA3016-67C0-4CD8-BAD1-2D122AC2D29D}.Debug|Win32.ActiveCfg = Debug|Win32
		{D0DA3016-67C0-4CD8-BAD1-2D122AC2D29D}.Debug|Win32.Build.0 = Debug|Win32
		{D0DA3016-67C0-4CD8-BAD1-2D122AC2D29D}.Release|Win32.ActiveCfg = Release|Win32
		{D0DA3016-67C0-4CD8-BAD1-2D122AC2D29D}.Release|Win32.Build.0 = Release|Win32
		{21DB5D0C-2F40-4D79-BE75-021E3D35B2F9}.Debug|Win32.ActiveCfg = Debug|Win32
		{21DB5D0C-2F40-4D79-BE75-021E3D35B2F9}.Debug|Win32.Build.0 = Debug|Win32
		{21DB5D0C-2F40-4D79-BE75-021E3D35B2F9}.Release|Win32.ActiveCfg = Release|Win32
		{21DB5D0C-2F40-4D79-BE75-021E3D35B2F9}.Release|Win32.Build.0 = Release|Win32
		{9006D124-5D00-4CB7-BAD9-F527B19502C9}.Debug|Win32.ActiveCfg = Debug|Win32
		{9006D124-5D00-4CB7-BAD9-F527B19502C9}.Debug|Win32.Build.0 = Debug|Win32
		{9006D124-5D00-4CB7-BAD9-F527B19502C9}.Release|Win32.ActiveCfg = Release|Win32
		{9006D124-5D00-4CB7-BAD9-F527B19502C9}.Release|Win32.Build.0 = Release|Win32
		{38F8D6D1-8D5D-4543-9C7E-23AE0DE3A1E0}.Debug|Win32.ActiveCfg = Debug|Win32
		{38F8D6D1-8D5D-4543-9C7E-23AE0DE3A1E0}.Debug|Win32.Build.0 = Debug|Win32
		{38F8D6D1-8D5D-4543-9C7E-23AE0DE3A1E0}.Release|Win32.ActiveCfg = Release|Win32
		{38F8D6D1-8D5D-4543-9C7E-23AE0DE3A1E0}.Release|Win32.Build.0 = Release|Win32
		{5DD209AC-1B5F-483A-BCA9-150CAD228C5A}.Debug|Win32.ActiveCfg = Debug|Win32
		{5DD209AC-1B5F-483A-BCA9-150CAD228C5A}.Debug|Win32.Build.0 = Debug|Win32
		{5DD209AC-1B5F-483A-BCA9-150CAD228C5A}.Release|Win32.ActiveCfg = Release|Win32
		{5DD209AC-1B5F-483A-BCA9-150CAD228C5A}.Release|Win32.Build.0 = Release|Win32
		{7E4883E3-6BC8-4F4C-B189-5CAD30796186}.Debug|Win32.ActiveCfg = Debug|Win32
		{7E4883E3-6BC8-4F4C-B189-5CAD30796186}.Debug|Win32.Build.0 = Debug|Win32
		{7E4883E3-6BC8-4F4C-B189-5CAD30796186}.Release|Win32.ActiveCfg = Release|Win32
		{7E4883E3-6BC8-4F4C-B189-5CAD30796186}.Release|Win32.Build.0 = Release|Win32
		{FDEC292B-DCC8-4D10-8A11-1700099BC31B}.Debug|Win32.ActiveCfg = Debug|Win32
		{FDEC292B-DCC8-4D10-8A11-1700099BC31B}.Debug|Win32.Build.0 = Debug|Win32
		{FDEC292B-DCC8-4D10-8A11-1700099BC31B}.Release|Win32.ActiveCfg = Release|Win32
		{FDEC292B-DCC8-4D10-8A11-1700099BC31B}.Release|Win32.Build.0 = Release|Win32
		{2174ABC9-4716-43A5-B415-AB8F421086AA}.Debug|Win32.ActiveCfg = Debug|Win32
		{2174ABC9-4716-43A5-B415-AB8F421086AA}.Debug|Win32.Build.0 = Debug|Win32
		{2174ABC9-4716-43A5-B415-AB8F421086AA}.Release|Win32.ActiveCfg = Release|Win32
		{2174ABC9-4716-43A5-B415-AB8F421086AA}.Release|Win32.Build.0 = Release|Win32
		{1C43699F-36E8-412E-A5F4-D0D4E61AD969}.Debug|Win32.ActiveCfg = Debug|Win32
		{1C43699F-36E8-412E-A5F4-D0D4E61AD969}.Debug|Win32.Build.0 = Debug|Win32
		{1C43699F-36E8-412E-A5F4-D0D4E61AD969}.Release|Win32.ActiveCfg = Release|Win32
		{1C43699F-36E8-412E-A5F4-D0D4E61AD969}.Release|Win32.Build.0 = Release|Win32
		{C6C1E900-B84F-42E7-B228-71B5EB574E80}.Debug|Win32.ActiveCfg = Debug|Win32
		{C6C1E900-B84F-42E7-B228-71B5EB574E80}.Debug|Win32.Build.0 = Debug|Win32
		{C6C1E900-B84F-42E7-B228-71B5EB574E80}.Release|Win32.ActiveCfg = Release|Win32
		{C6C1E900-B84F-42E7-B228-71B5EB574E80}.Release|Win32.Build.0 = Release|Win32
		{D1E9326A-0FCA-46B3-86D0-3D39C63340E1}.Debug|Win32.ActiveCfg = Debug|Win32
		{D1E9326A-0FCA-46B3-86D0-3D39C63340E1}.Debug|Win32.Build.0 = Debug|Win32
		{D1E9326A-0FCA-46B3-86D0-3D39C63340E1}.Release|Win32.ActiveCfg = Release|Win32
		{D1E9326A-0FCA-46B3-86D0-3D39C63340E1}.Release|Win32.Build.0 = Release|Win32
	EndGlobalSection
	GlobalSection(SolutionProperties) = preSolution
		HideSolutionNode = FALSE
	EndGlobalSection
	GlobalSection(NestedProjects) = preSolution
		{59CE1845-A701-4627-B467-7ADCC34E7E33} = {370A758F-8949-42ED-9D9B-39FA11A8380D}
		{6BD6112D-7B02-436B-BF51-A7372666E2EA} = {370A758F-8949-42ED-9D9B-39FA11A8380D}
		{5DD209AC-1B5F-483A-BCA9-150CAD228C5A} = {370A758F-8949-42ED-9D9B-39FA11A8380D}
		{7E4883E3-6BC8-4F4C-B189-5CAD30796186} = {370A758F-8949-42ED-9D9B-39FA11A8380D}
		{FDEC292B-DCC8-4D10-8A11-1700099BC31B} = {370A758F-8949-42ED-9D9B-39FA11A8380D}
		{AF4DE4BA-2C45-476F-BF44-BFE4C69B71FE} = {84B205AA-6DCE-40D6-9A83-4ACB90EF7CF8}
		{E2161EDF-8018-7947-8675-A82F7551FF79} = {59CE1845-A701-4627-B467-7ADCC34E7E33}
		{C17B5817-420A-CA4B-A002-DDA318AC0C15} = {59CE1845-A701-4627-B467-7ADCC34E7E33}
		{4636D9C9-6C2C-454D-93E2-E67AC0C92946} = {59CE1845-A701-4627-B467-7ADCC34E7E33}
		{6AE6A6E4-B420-8A43-A9A0-85734C0A6823} = {59CE1845-A701-4627-B467-7ADCC34E7E33}
		{4D2AFB70-0048-164B-909E-86AB43E40921} = {59CE1845-A701-4627-B467-7ADCC34E7E33}
		{2174ABC9-4716-43A5-B415-AB8F421086AA} = {4BD30019-9D14-4868-8649-9E6A8D90EDF6}
		{C6C1E900-B84F-42E7-B228-71B5EB574E80} = {6BD6112D-7B02-436B-BF51-A7372666E2EA}
		{D1E9326A-0FCA-46B3-86D0-3D39C63340E1} = {6BD6112D-7B02-436B-BF51-A7372666E2EA}
		{0757FC7D-A029-4C29-B806-9CC05DC384A1} = {9543636E-FB82-42FA-A3BD-F84BF47D3E8E}
		{D0DA3016-67C0-4CD8-BAD1-2D122AC2D29D} = {9543636E-FB82-42FA-A3BD-F84BF47D3E8E}
		{21DB5D0C-2F40-4D79-BE75-021E3D35B2F9} = {9543636E-FB82-42FA-A3BD-F84BF47D3E8E}
		{9006D124-5D00-4CB7-BAD9-F527B19502C9} = {9543636E-FB82-42FA-A3BD-F84BF47D3E8E}
		{38F8D6D1-8D5D-4543-9C7E-23AE0DE3A1E0} = {9543636E-FB82-42FA-A3BD-F84BF47D3E8E}
		{1C43699F-36E8-412E-A5F4-D0D4E61AD969} = {9543636E-FB82-42FA-A3BD-F84BF47D3E8E}
	EndGlobalSection
EndGlobal
