<?xml version="1.0" encoding="utf-8"?>
<Project ToolsVersion="4.0" xmlns="http://schemas.microsoft.com/developer/msbuild/2003">
  <ItemGroup>
    <Filter Include="Source Files">
      <UniqueIdentifier>{4FC737F1-C7A5-4376-A066-2A32D752A2FF}</UniqueIdentifier>
      <Extensions>cpp;c;cc;cxx;def;odl;idl;hpj;bat;asm;asmx</Extensions>
    </Filter>
    <Filter Include="Source Files\Shared">
      <UniqueIdentifier>{e8111d24-67cd-4757-90c5-ce20e290c2b3}</UniqueIdentifier>
    </Filter>
    <Filter Include="Header Files">
      <UniqueIdentifier>{93995380-89BD-4b04-88EB-625FBE52EBFB}</UniqueIdentifier>
      <Extensions>h;hpp;hxx;hm;inl;inc;xsd</Extensions>
    </Filter>
    <Filter Include="Header Files\Shared">
      <UniqueIdentifier>{3ad1aeea-a5a4-4acb-8257-a238a8b06994}</UniqueIdentifier>
    </Filter>
    <Filter Include="Resource Files">
      <UniqueIdentifier>{67DA6AB6-F800-4c08-8B7A-83BB121AAD01}</UniqueIdentifier>
      <Extensions>rc;ico;cur;bmp;dlg;rc2;rct;bin;rgs;gif;jpg;jpeg;jpe;resx;tiff;tif;png;wav</Extensions>
    </Filter>
    <Filter Include="Source Files\Shared\XML">
      <UniqueIdentifier>{ecddc2ba-4e2f-44f1-82b1-03a3f34cfd98}</UniqueIdentifier>
    </Filter>
    <Filter Include="Source Files\Shared\XML\TinyXML">
      <UniqueIdentifier>{ba1db4ab-cbd9-485f-a21d-06ad49cb0e0e}</UniqueIdentifier>
    </Filter>
  </ItemGroup>
  <ItemGroup>
    <ClCompile Include="Main.cpp">
      <Filter>Source Files</Filter>
    </ClCompile>
    <ClCompile Include="StdInc.cpp">
      <Filter>Source Files</Filter>
    </ClCompile>
    <ClCompile Include="..\..\Shared\CString.cpp">
      <Filter>Source Files\Shared</Filter>
    </ClCompile>
    <ClCompile Include="..\..\Shared\SharedUtility.cpp">
      <Filter>Source Files\Shared</Filter>
    </ClCompile>
    <ClCompile Include="..\..\Shared\CSettings.cpp">
      <Filter>Source Files\Shared</Filter>
    </ClCompile>
    <ClCompile Include="..\..\Shared\CXML.cpp">
      <Filter>Source Files\Shared\XML</Filter>
    </ClCompile>
    <ClCompile Include="..\..\Vendor\tinyxml\ticpp.cpp">
      <Filter>Source Files\Shared\XML\TinyXML</Filter>
    </ClCompile>
    <ClCompile Include="..\..\Vendor\tinyxml\tinystr.cpp">
      <Filter>Source Files\Shared\XML\TinyXML</Filter>
    </ClCompile>
    <ClCompile Include="..\..\Vendor\tinyxml\tinyxml.cpp">
      <Filter>Source Files\Shared\XML\TinyXML</Filter>
    </ClCompile>
    <ClCompile Include="..\..\Vendor\tinyxml\tinyxmlerror.cpp">
      <Filter>Source Files\Shared\XML\TinyXML</Filter>
    </ClCompile>
    <ClCompile Include="..\..\Vendor\tinyxml\tinyxmlparser.cpp">
      <Filter>Source Files\Shared\XML\TinyXML</Filter>
    </ClCompile>
    <ClCompile Include="..\..\Shared\CLogFile.cpp">
      <Filter>Source Files\Shared</Filter>
    </ClCompile>
    <ClCompile Include="..\..\Shared\Threading\CThread.cpp">
      <Filter>Source Files\Shared</Filter>
    </ClCompile>
    <ClCompile Include="..\..\Shared\Threading\CMutex.cpp">
      <Filter>Source Files\Shared</Filter>
    </ClCompile>
  </ItemGroup>
  <ItemGroup>
    <ClInclude Include="Resource.h">
      <Filter>Header Files</Filter>
    </ClInclude>
    <ClInclude Include="StdInc.h">
      <Filter>Header Files</Filter>
    </ClInclude>
    <ClInclude Include="..\..\Shared\Common.h">
      <Filter>Header Files\Shared</Filter>
    </ClInclude>
    <ClInclude Include="..\..\Shared\CString.h">
      <Filter>Header Files\Shared</Filter>
    </ClInclude>
    <ClInclude Include="..\..\Shared\SharedUtility.h">
      <Filter>Header Files\Shared</Filter>
    </ClInclude>
    <ClInclude Include="..\..\Shared\CSettings.h">
      <Filter>Header Files\Shared</Filter>
    </ClInclude>
    <ClInclude Include="..\..\Shared\CLogFile.h">
      <Filter>Header Files\Shared</Filter>
    </ClInclude>
    <ClInclude Include="..\..\Shared\Threading\CMutex.h">
      <Filter>Header Files\Shared</Filter>
    </ClInclude>
    <ClInclude Include="..\..\Shared\Threading\CThread.h">
      <Filter>Header Files\Shared</Filter>
    </ClInclude>
  </ItemGroup>
  <ItemGroup>
    <None Include="res\Launcher.ico">
      <Filter>Resource Files</Filter>
    </None>
  </ItemGroup>
  <ItemGroup>
    <ResourceCompile Include="Launcher.rc">
      <Filter>Resource Files</Filter>
    </ResourceCompile>
  </ItemGroup>
</Project>